
Microsoft Visual Studio Solution File, Format Version 12.00
# Visual Studio Version 17
VisualStudioVersion = 17.6.33801.468
MinimumVisualStudioVersion = 10.0.40219.1
Project("{FAE04EC0-301F-11D3-BF4B-00C04F79EFBC}") = "ConsoleAppCS", "ConsoleAppCS\ConsoleAppCS.csproj", "{08429825-86E6-4566-8EC9-F357170DD0A5}"
EndProject
Global
	GlobalSection(SolutionConfigurationPlatforms) = preSolution
		Debug|Any CPU = Debug|Any CPU
		Release|Any CPU = Release|Any CPU
	EndGlobalSection
	GlobalSection(ProjectConfigurationPlatforms) = postSolution
		{08429825-86E6-4566-8EC9-F357170DD0A5}.Debug|Any CPU.ActiveCfg = Debug|Any CPU
		{08429825-86E6-4566-8EC9-F357170DD0A5}.Debug|Any CPU.Build.0 = Debug|Any CPU
		{08429825-86E6-4566-8EC9-F357170DD0A5}.Release|Any CPU.ActiveCfg = Release|Any CPU
		{08429825-86E6-4566-8EC9-F357170DD0A5}.Release|Any CPU.Build.0 = Release|Any CPU
	EndGlobalSection
	GlobalSection(SolutionProperties) = preSolution
		HideSolutionNode = FALSE
	EndGlobalSection
	GlobalSection(ExtensibilityGlobals) = postSolution
		SolutionGuid = {22F9A6DA-C2CD-4A92-8F5B-706C7D164991}
	EndGlobalSection
EndGlobal
