
Microsoft Visual Studio Solution File, Format Version 12.00
# Visual Studio Version 17
VisualStudioVersion = 17.6.33801.468
MinimumVisualStudioVersion = 10.0.40219.1
Project("{FAE04EC0-301F-11D3-BF4B-00C04F79EFBC}") = "TryParseWithIfElse", "TryParseWithIfElse\TryParseWithIfElse.csproj", "{9CEEB5EB-DF24-4BA7-A3D4-F6DA34ED2834}"
EndProject
Global
	GlobalSection(SolutionConfigurationPlatforms) = preSolution
		Debug|Any CPU = Debug|Any CPU
		Release|Any CPU = Release|Any CPU
	EndGlobalSection
	GlobalSection(ProjectConfigurationPlatforms) = postSolution
		{9CEEB5EB-DF24-4BA7-A3D4-F6DA34ED2834}.Debug|Any CPU.ActiveCfg = Debug|Any CPU
		{9CEEB5EB-DF24-4BA7-A3D4-F6DA34ED2834}.Debug|Any CPU.Build.0 = Debug|Any CPU
		{9CEEB5EB-DF24-4BA7-A3D4-F6DA34ED2834}.Release|Any CPU.ActiveCfg = Release|Any CPU
		{9CEEB5EB-DF24-4BA7-A3D4-F6DA34ED2834}.Release|Any CPU.Build.0 = Release|Any CPU
	EndGlobalSection
	GlobalSection(SolutionProperties) = preSolution
		HideSolutionNode = FALSE
	EndGlobalSection
	GlobalSection(ExtensibilityGlobals) = postSolution
		SolutionGuid = {00145C19-738B-464C-9F64-6677947A2C96}
	EndGlobalSection
EndGlobal
