
Microsoft Visual Studio Solution File, Format Version 12.00
# Visual Studio Version 17
VisualStudioVersion = 17.7.34024.191
MinimumVisualStudioVersion = 10.0.40219.1
Project("{FAE04EC0-301F-11D3-BF4B-00C04F79EFBC}") = "methodOutPut", "methodOutPut.csproj", "{C9E35A37-E9CF-497A-AF8C-B191C3376E22}"
EndProject
Global
	GlobalSection(SolutionConfigurationPlatforms) = preSolution
		Debug|Any CPU = Debug|Any CPU
		Release|Any CPU = Release|Any CPU
	EndGlobalSection
	GlobalSection(ProjectConfigurationPlatforms) = postSolution
		{C9E35A37-E9CF-497A-AF8C-B191C3376E22}.Debug|Any CPU.ActiveCfg = Debug|Any CPU
		{C9E35A37-E9CF-497A-AF8C-B191C3376E22}.Debug|Any CPU.Build.0 = Debug|Any CPU
		{C9E35A37-E9CF-497A-AF8C-B191C3376E22}.Release|Any CPU.ActiveCfg = Release|Any CPU
		{C9E35A37-E9CF-497A-AF8C-B191C3376E22}.Release|Any CPU.Build.0 = Release|Any CPU
	EndGlobalSection
	GlobalSection(SolutionProperties) = preSolution
		HideSolutionNode = FALSE
	EndGlobalSection
	GlobalSection(ExtensibilityGlobals) = postSolution
		SolutionGuid = {5E9ABE47-9894-4291-A238-C841A1A1DB23}
	EndGlobalSection
EndGlobal
