
Microsoft Visual Studio Solution File, Format Version 12.00
# Visual Studio Version 17
VisualStudioVersion = 17.6.33801.468
MinimumVisualStudioVersion = 10.0.40219.1
Project("{FAE04EC0-301F-11D3-BF4B-00C04F79EFBC}") = "ConstantsC", "ConstantsC\ConstantsC.csproj", "{B92BB463-DC7E-4B02-8504-18B945A91290}"
EndProject
Global
	GlobalSection(SolutionConfigurationPlatforms) = preSolution
		Debug|Any CPU = Debug|Any CPU
		Release|Any CPU = Release|Any CPU
	EndGlobalSection
	GlobalSection(ProjectConfigurationPlatforms) = postSolution
		{B92BB463-DC7E-4B02-8504-18B945A91290}.Debug|Any CPU.ActiveCfg = Debug|Any CPU
		{B92BB463-DC7E-4B02-8504-18B945A91290}.Debug|Any CPU.Build.0 = Debug|Any CPU
		{B92BB463-DC7E-4B02-8504-18B945A91290}.Release|Any CPU.ActiveCfg = Release|Any CPU
		{B92BB463-DC7E-4B02-8504-18B945A91290}.Release|Any CPU.Build.0 = Release|Any CPU
	EndGlobalSection
	GlobalSection(SolutionProperties) = preSolution
		HideSolutionNode = FALSE
	EndGlobalSection
	GlobalSection(ExtensibilityGlobals) = postSolution
		SolutionGuid = {69C2A4F0-8DD3-4B66-9A0C-83EE000F5132}
	EndGlobalSection
EndGlobal
